
Microsoft Visual Studio Solution File, Format Version 12.00
# Visual Studio Version 16
VisualStudioVersion = 16.0.29215.179
MinimumVisualStudioVersion = 10.0.40219.1
Project("{FAE04EC0-301F-11D3-BF4B-00C04F79EFBC}") = "EngEdu", "EngEdu\EngEdu.csproj", "{22C2972B-F41C-4F96-BC92-BA9B435613FE}"
EndProject
Global
	GlobalSection(SolutionConfigurationPlatforms) = preSolution
		Debug|Any CPU = Debug|Any CPU
		Release|Any CPU = Release|Any CPU
	EndGlobalSection
	GlobalSection(ProjectConfigurationPlatforms) = postSolution
		{22C2972B-F41C-4F96-BC92-BA9B435613FE}.Debug|Any CPU.ActiveCfg = Debug|Any CPU
		{22C2972B-F41C-4F96-BC92-BA9B435613FE}.Debug|Any CPU.Build.0 = Debug|Any CPU
		{22C2972B-F41C-4F96-BC92-BA9B435613FE}.Release|Any CPU.ActiveCfg = Release|Any CPU
		{22C2972B-F41C-4F96-BC92-BA9B435613FE}.Release|Any CPU.Build.0 = Release|Any CPU
	EndGlobalSection
	GlobalSection(SolutionProperties) = preSolution
		HideSolutionNode = FALSE
	EndGlobalSection
	GlobalSection(ExtensibilityGlobals) = postSolution
		SolutionGuid = {817D660B-6FC5-49EB-BBF3-C3D2DF2D60A9}
	EndGlobalSection
EndGlobal
